
Microsoft Visual Studio Solution File, Format Version 12.00
# Visual Studio Version 16
VisualStudioVersion = 16.0.29519.181
MinimumVisualStudioVersion = 10.0.40219.1
Project("{8BC9CEB8-8B4A-11D0-8D11-00A0C91BC942}") = "ConsoleApplication1", "ConsoleApplication1.vcxproj", "{6A88AC07-7591-44A9-B7CC-3D4240EE8261}"
EndProject
Global
	GlobalSection(SolutionConfigurationPlatforms) = preSolution
		Debug|x64 = Debug|x64
		Debug|x86 = Debug|x86
		Release|x64 = Release|x64
		Release|x86 = Release|x86
	EndGlobalSection
	GlobalSection(ProjectConfigurationPlatforms) = postSolution
		{6A88AC07-7591-44A9-B7CC-3D4240EE8261}.Debug|x64.ActiveCfg = Debug|x64
		{6A88AC07-7591-44A9-B7CC-3D4240EE8261}.Debug|x64.Build.0 = Debug|x64
		{6A88AC07-7591-44A9-B7CC-3D4240EE8261}.Debug|x86.ActiveCfg = Debug|Win32
		{6A88AC07-7591-44A9-B7CC-3D4240EE8261}.Debug|x86.Build.0 = Debug|Win32
		{6A88AC07-7591-44A9-B7CC-3D4240EE8261}.Release|x64.ActiveCfg = Release|x64
		{6A88AC07-7591-44A9-B7CC-3D4240EE8261}.Release|x64.Build.0 = Release|x64
		{6A88AC07-7591-44A9-B7CC-3D4240EE8261}.Release|x86.ActiveCfg = Release|Win32
		{6A88AC07-7591-44A9-B7CC-3D4240EE8261}.Release|x86.Build.0 = Release|Win32
	EndGlobalSection
	GlobalSection(SolutionProperties) = preSolution
		HideSolutionNode = FALSE
	EndGlobalSection
	GlobalSection(ExtensibilityGlobals) = postSolution
		SolutionGuid = {941D708A-77A2-4D4A-A9FD-09D145030FA2}
	EndGlobalSection
EndGlobal
