
Microsoft Visual Studio Solution File, Format Version 12.00
# Visual Studio Version 16
VisualStudioVersion = 16.0.29519.181
MinimumVisualStudioVersion = 10.0.40219.1
Project("{8BC9CEB8-8B4A-11D0-8D11-00A0C91BC942}") = "Лабораторная Работа 6", "Лабораторная Работа 6.vcxproj", "{4A01BC9A-3977-4A21-8503-6A3840CBE890}"
EndProject
Project("{8BC9CEB8-8B4A-11D0-8D11-00A0C91BC942}") = "Допы 2-3 Списки", "..\Допы 2-3 Списки\Допы 2-3 Списки.vcxproj", "{8A0B88A2-2A94-40DD-BFCE-3BBD0F8DAE2A}"
EndProject
Global
	GlobalSection(SolutionConfigurationPlatforms) = preSolution
		Debug|x64 = Debug|x64
		Debug|x86 = Debug|x86
		Release|x64 = Release|x64
		Release|x86 = Release|x86
	EndGlobalSection
	GlobalSection(ProjectConfigurationPlatforms) = postSolution
		{4A01BC9A-3977-4A21-8503-6A3840CBE890}.Debug|x64.ActiveCfg = Debug|x64
		{4A01BC9A-3977-4A21-8503-6A3840CBE890}.Debug|x64.Build.0 = Debug|x64
		{4A01BC9A-3977-4A21-8503-6A3840CBE890}.Debug|x86.ActiveCfg = Debug|Win32
		{4A01BC9A-3977-4A21-8503-6A3840CBE890}.Debug|x86.Build.0 = Debug|Win32
		{4A01BC9A-3977-4A21-8503-6A3840CBE890}.Release|x64.ActiveCfg = Release|x64
		{4A01BC9A-3977-4A21-8503-6A3840CBE890}.Release|x64.Build.0 = Release|x64
		{4A01BC9A-3977-4A21-8503-6A3840CBE890}.Release|x86.ActiveCfg = Release|Win32
		{4A01BC9A-3977-4A21-8503-6A3840CBE890}.Release|x86.Build.0 = Release|Win32
		{8A0B88A2-2A94-40DD-BFCE-3BBD0F8DAE2A}.Debug|x64.ActiveCfg = Debug|x64
		{8A0B88A2-2A94-40DD-BFCE-3BBD0F8DAE2A}.Debug|x64.Build.0 = Debug|x64
		{8A0B88A2-2A94-40DD-BFCE-3BBD0F8DAE2A}.Debug|x86.ActiveCfg = Debug|Win32
		{8A0B88A2-2A94-40DD-BFCE-3BBD0F8DAE2A}.Debug|x86.Build.0 = Debug|Win32
		{8A0B88A2-2A94-40DD-BFCE-3BBD0F8DAE2A}.Release|x64.ActiveCfg = Release|x64
		{8A0B88A2-2A94-40DD-BFCE-3BBD0F8DAE2A}.Release|x64.Build.0 = Release|x64
		{8A0B88A2-2A94-40DD-BFCE-3BBD0F8DAE2A}.Release|x86.ActiveCfg = Release|Win32
		{8A0B88A2-2A94-40DD-BFCE-3BBD0F8DAE2A}.Release|x86.Build.0 = Release|Win32
	EndGlobalSection
	GlobalSection(SolutionProperties) = preSolution
		HideSolutionNode = FALSE
	EndGlobalSection
	GlobalSection(ExtensibilityGlobals) = postSolution
		SolutionGuid = {17485A4C-614A-4A91-B344-6D1B8BA2DB3D}
	EndGlobalSection
EndGlobal
