
Microsoft Visual Studio Solution File, Format Version 12.00
# Visual Studio Version 16
VisualStudioVersion = 16.0.30002.166
MinimumVisualStudioVersion = 10.0.40219.1
Project("{8BC9CEB8-8B4A-11D0-8D11-00A0C91BC942}") = "Лабораторная Работа 15", "Лабораторная Работа 15.vcxproj", "{1382C7EF-0930-467C-9BBC-7F0BEDC2E495}"
EndProject
Global
	GlobalSection(SolutionConfigurationPlatforms) = preSolution
		Debug|x64 = Debug|x64
		Debug|x86 = Debug|x86
		Release|x64 = Release|x64
		Release|x86 = Release|x86
	EndGlobalSection
	GlobalSection(ProjectConfigurationPlatforms) = postSolution
		{1382C7EF-0930-467C-9BBC-7F0BEDC2E495}.Debug|x64.ActiveCfg = Debug|x64
		{1382C7EF-0930-467C-9BBC-7F0BEDC2E495}.Debug|x64.Build.0 = Debug|x64
		{1382C7EF-0930-467C-9BBC-7F0BEDC2E495}.Debug|x86.ActiveCfg = Debug|Win32
		{1382C7EF-0930-467C-9BBC-7F0BEDC2E495}.Debug|x86.Build.0 = Debug|Win32
		{1382C7EF-0930-467C-9BBC-7F0BEDC2E495}.Release|x64.ActiveCfg = Release|x64
		{1382C7EF-0930-467C-9BBC-7F0BEDC2E495}.Release|x64.Build.0 = Release|x64
		{1382C7EF-0930-467C-9BBC-7F0BEDC2E495}.Release|x86.ActiveCfg = Release|Win32
		{1382C7EF-0930-467C-9BBC-7F0BEDC2E495}.Release|x86.Build.0 = Release|Win32
	EndGlobalSection
	GlobalSection(SolutionProperties) = preSolution
		HideSolutionNode = FALSE
	EndGlobalSection
	GlobalSection(ExtensibilityGlobals) = postSolution
		SolutionGuid = {15838FC0-9814-42C7-BD31-735A5CC248AB}
	EndGlobalSection
EndGlobal
