
Microsoft Visual Studio Solution File, Format Version 12.00
# Visual Studio Version 16
VisualStudioVersion = 16.0.29519.181
MinimumVisualStudioVersion = 10.0.40219.1
Project("{8BC9CEB8-8B4A-11D0-8D11-00A0C91BC942}") = "ConsoleApplication1", "ConsoleApplication1.vcxproj", "{A45FBB88-08C0-472F-B870-3654EC327CC3}"
EndProject
Global
	GlobalSection(SolutionConfigurationPlatforms) = preSolution
		Debug|x64 = Debug|x64
		Debug|x86 = Debug|x86
		Release|x64 = Release|x64
		Release|x86 = Release|x86
	EndGlobalSection
	GlobalSection(ProjectConfigurationPlatforms) = postSolution
		{A45FBB88-08C0-472F-B870-3654EC327CC3}.Debug|x64.ActiveCfg = Debug|x64
		{A45FBB88-08C0-472F-B870-3654EC327CC3}.Debug|x64.Build.0 = Debug|x64
		{A45FBB88-08C0-472F-B870-3654EC327CC3}.Debug|x86.ActiveCfg = Debug|Win32
		{A45FBB88-08C0-472F-B870-3654EC327CC3}.Debug|x86.Build.0 = Debug|Win32
		{A45FBB88-08C0-472F-B870-3654EC327CC3}.Release|x64.ActiveCfg = Release|x64
		{A45FBB88-08C0-472F-B870-3654EC327CC3}.Release|x64.Build.0 = Release|x64
		{A45FBB88-08C0-472F-B870-3654EC327CC3}.Release|x86.ActiveCfg = Release|Win32
		{A45FBB88-08C0-472F-B870-3654EC327CC3}.Release|x86.Build.0 = Release|Win32
	EndGlobalSection
	GlobalSection(SolutionProperties) = preSolution
		HideSolutionNode = FALSE
	EndGlobalSection
	GlobalSection(ExtensibilityGlobals) = postSolution
		SolutionGuid = {BB9034C4-49CA-438F-AF00-DCD4C55BE682}
	EndGlobalSection
EndGlobal
