
Microsoft Visual Studio Solution File, Format Version 12.00
# Visual Studio Version 16
VisualStudioVersion = 16.0.29519.181
MinimumVisualStudioVersion = 10.0.40219.1
Project("{8BC9CEB8-8B4A-11D0-8D11-00A0C91BC942}") = "Лабораторная Работа 2", "Лабораторная Работа 2.vcxproj", "{55EAC8C3-7A22-44CD-9122-88A53EC5DADE}"
EndProject
Global
	GlobalSection(SolutionConfigurationPlatforms) = preSolution
		Debug|x64 = Debug|x64
		Debug|x86 = Debug|x86
		Release|x64 = Release|x64
		Release|x86 = Release|x86
	EndGlobalSection
	GlobalSection(ProjectConfigurationPlatforms) = postSolution
		{55EAC8C3-7A22-44CD-9122-88A53EC5DADE}.Debug|x64.ActiveCfg = Debug|x64
		{55EAC8C3-7A22-44CD-9122-88A53EC5DADE}.Debug|x64.Build.0 = Debug|x64
		{55EAC8C3-7A22-44CD-9122-88A53EC5DADE}.Debug|x86.ActiveCfg = Debug|Win32
		{55EAC8C3-7A22-44CD-9122-88A53EC5DADE}.Debug|x86.Build.0 = Debug|Win32
		{55EAC8C3-7A22-44CD-9122-88A53EC5DADE}.Release|x64.ActiveCfg = Release|x64
		{55EAC8C3-7A22-44CD-9122-88A53EC5DADE}.Release|x64.Build.0 = Release|x64
		{55EAC8C3-7A22-44CD-9122-88A53EC5DADE}.Release|x86.ActiveCfg = Release|Win32
		{55EAC8C3-7A22-44CD-9122-88A53EC5DADE}.Release|x86.Build.0 = Release|Win32
	EndGlobalSection
	GlobalSection(SolutionProperties) = preSolution
		HideSolutionNode = FALSE
	EndGlobalSection
	GlobalSection(ExtensibilityGlobals) = postSolution
		SolutionGuid = {E775CECC-6F22-484F-AE22-A9C356A264B2}
	EndGlobalSection
EndGlobal
